
Microsoft Visual Studio Solution File, Format Version 12.00
# Visual Studio Version 17
VisualStudioVersion = 17.2.32616.157
MinimumVisualStudioVersion = 10.0.40219.1
Project("{9A19103F-16F7-4668-BE54-9A1E7A4F7556}") = "CS_DataTypes", "CS_DataTypes\CS_DataTypes.csproj", "{CFB9FB1F-3279-4DCE-ACC3-03B286F66405}"
EndProject
Project("{9A19103F-16F7-4668-BE54-9A1E7A4F7556}") = "AssignmentJuly12", "MathOparations\AssignmentJuly12.csproj", "{E5D20E9F-1465-4B14-97CE-5BB865DDF59F}"
EndProject
Project("{9A19103F-16F7-4668-BE54-9A1E7A4F7556}") = "Collection_Stack", "Collection_Stack\Collection_Stack.csproj", "{EE0D5D26-D490-4EDB-A8E4-F97C20BDDFB3}"
EndProject
Project("{9A19103F-16F7-4668-BE54-9A1E7A4F7556}") = "AssignmentJuly13", "Ass13\AssignmentJuly13.csproj", "{1EF2AF68-330D-421D-BE8D-E313C488EFA8}"
EndProject
Project("{9A19103F-16F7-4668-BE54-9A1E7A4F7556}") = "AssignmentJuly15", "Ass15\AssignmentJuly15.csproj", "{F5FA0132-48E7-4FF2-A2FE-D5C3D6D09669}"
EndProject
Project("{9A19103F-16F7-4668-BE54-9A1E7A4F7556}") = "AssignmentJuly15_LIST", "ASS15LIST\AssignmentJuly15_LIST.csproj", "{CA3587A9-DE49-4536-ACFC-BF627EE9F9FC}"
EndProject
Project("{9A19103F-16F7-4668-BE54-9A1E7A4F7556}") = "AssignmentJuly19", "Basic_Class\AssignmentJuly19.csproj", "{84676134-583E-4D62-922E-836345C6981E}"
EndProject
Project("{9A19103F-16F7-4668-BE54-9A1E7A4F7556}") = "ConstructorTypes", "ConstructorTypes\ConstructorTypes.csproj", "{08EBED7F-8C06-450D-9E1E-026917DEEE14}"
EndProject
Project("{9A19103F-16F7-4668-BE54-9A1E7A4F7556}") = "AssignmentJuly20", "Ass20\AssignmentJuly20.csproj", "{9529D16C-525F-4ACD-8B2A-9D091E386CEF}"
EndProject
Project("{9A19103F-16F7-4668-BE54-9A1E7A4F7556}") = "AssignmentJuly21", "Assignment21\AssignmentJuly21.csproj", "{598D451E-71E6-444D-9352-7C8BFC4BBF28}"
EndProject
Project("{9A19103F-16F7-4668-BE54-9A1E7A4F7556}") = "SpotAss27July", "SpotAss27\SpotAss27July.csproj", "{8A45BEA4-D00F-4EEB-9D21-D44578F41008}"
EndProject
Project("{9A19103F-16F7-4668-BE54-9A1E7A4F7556}") = "SpotAss01Aug", "SpotAss01Aug\SpotAss01Aug.csproj", "{1777748D-E7B9-4E4A-AE95-C3ADDDD143AB}"
EndProject
Project("{9A19103F-16F7-4668-BE54-9A1E7A4F7556}") = "StaffSerialization", "StaffSerialization\StaffSerialization.csproj", "{EAF90B43-9C80-4C10-A3AF-264DB8E5496A}"
EndProject
Project("{9A19103F-16F7-4668-BE54-9A1E7A4F7556}") = "AssignmentJuly26", "Assignment26\AssignmentJuly26.csproj", "{ECCD9DDB-836E-4F7E-8234-9102B63392C3}"
EndProject
Project("{9A19103F-16F7-4668-BE54-9A1E7A4F7556}") = "SpotAss03Aug", "Assignment03Aug(Spot)\SpotAss03Aug.csproj", "{3536AB06-971F-42D9-8461-B88833D5E80C}"
EndProject
Project("{9A19103F-16F7-4668-BE54-9A1E7A4F7556}") = "SpotAss04Aug", "SpotAss04Aug\SpotAss04Aug.csproj", "{8A952875-39EF-48F6-898C-EA71A6A7CAA6}"
EndProject
Project("{9A19103F-16F7-4668-BE54-9A1E7A4F7556}") = "AssignmentJuly28", "Assignment28\AssignmentJuly28.csproj", "{968F2AD1-8666-48CC-AD16-1741F84878DD}"
EndProject
Project("{9A19103F-16F7-4668-BE54-9A1E7A4F7556}") = "AssignmentJuly27", "Assignment27\AssignmentJuly27.csproj", "{7F07DD9C-A736-44AC-9A40-FA477CB515D8}"
EndProject
Project("{9A19103F-16F7-4668-BE54-9A1E7A4F7556}") = "DaysCalculator", "DaysCalculator\DaysCalculator.csproj", "{198DCCED-3178-4D4A-A1D9-C92051300D08}"
EndProject
Project("{9A19103F-16F7-4668-BE54-9A1E7A4F7556}") = "Assignment04Aug-1", "Assignment04Aug\Assignment04Aug-1.csproj", "{E02B8280-15A0-4587-A9B1-68DFF8FFC02B}"
EndProject
Project("{9A19103F-16F7-4668-BE54-9A1E7A4F7556}") = "Pratice", "Pratice\Pratice.csproj", "{EB9BB7B1-2E9D-4892-8D73-488D59063AA2}"
EndProject
Project("{9A19103F-16F7-4668-BE54-9A1E7A4F7556}") = "Evaolution", "Evaolution\Evaolution.csproj", "{E1C95194-59C6-45CE-981E-EEF35CC3E658}"
EndProject
Project("{9A19103F-16F7-4668-BE54-9A1E7A4F7556}") = "Assignment04Aug-2", "Assesignment04Aug2\Assignment04Aug-2.csproj", "{7D3FF9BF-F8DB-4AF6-9DFD-D98A9E544539}"
EndProject
Project("{9A19103F-16F7-4668-BE54-9A1E7A4F7556}") = "Assignment04Aug-3", "Assignment04Aug3\Assignment04Aug-3.csproj", "{66A0F252-28B8-4B01-9040-74AC94185A2B}"
EndProject
Project("{9A19103F-16F7-4668-BE54-9A1E7A4F7556}") = "Assignment04Aug-5", "Assignment05Aug\Assignment04Aug-5.csproj", "{9848C624-1D8D-4242-9793-AEA838F1500A}"
EndProject
Project("{9A19103F-16F7-4668-BE54-9A1E7A4F7556}") = "Assignment04Aug-4", "Assignment04Aug4\Assignment04Aug-4.csproj", "{98B427FA-F28B-49D5-8473-01647F529630}"
EndProject
Project("{9A19103F-16F7-4668-BE54-9A1E7A4F7556}") = "Assignment04Aug-6", "Assignment06Aug04\Assignment04Aug-6.csproj", "{495C05CB-F5D5-4B86-9A16-E8701DB6B86B}"
EndProject
Project("{9A19103F-16F7-4668-BE54-9A1E7A4F7556}") = "Assignment04Aug-7", "Assignment04Aug-07\Assignment04Aug-7.csproj", "{63CB389A-5FE3-4F5C-8C5D-61F7A506AADD}"
EndProject
Project("{9A19103F-16F7-4668-BE54-9A1E7A4F7556}") = "AccessesSpecifiers", "AccessesSpecifiers\AccessesSpecifiers.csproj", "{44178846-E0DF-466E-90B0-2647938A6FCB}"
EndProject
Project("{2150E333-8FDC-42A3-9474-1A3956D46DE8}") = "Threads", "Threads", "{7E210AF6-4102-4964-B561-7FD6BD601FA1}"
EndProject
Project("{9A19103F-16F7-4668-BE54-9A1E7A4F7556}") = "ThreadsFirstApp", "ThreadsFirstApp\ThreadsFirstApp.csproj", "{E4D2AB9C-48DC-406A-BDA7-ABEC9D0D18B1}"
EndProject
Project("{9A19103F-16F7-4668-BE54-9A1E7A4F7556}") = "Mutex_CS", "Mutex_CS\Mutex_CS.csproj", "{B9803E30-8E84-4D75-8431-24B1D0BE5076}"
EndProject
Project("{9A19103F-16F7-4668-BE54-9A1E7A4F7556}") = "Monitor_CS", "Monitor_CS\Monitor_CS.csproj", "{A74BE0A8-AD7B-478E-96DA-C9C486DC0596}"
EndProject
Project("{9A19103F-16F7-4668-BE54-9A1E7A4F7556}") = "Assignment26Sep_Threads", "Assignment26Sep\Assignment26Sep_Threads.csproj", "{324D8BB1-79CA-421F-8AA8-931A25CDF97C}"
EndProject
Project("{9A19103F-16F7-4668-BE54-9A1E7A4F7556}") = "Assignment27Sep_Parallel", "Assignment27Sep\Assignment27Sep_Parallel.csproj", "{EA4B56C8-14BB-4DA5-8E87-90D0A729D7CB}"
EndProject
Project("{9A19103F-16F7-4668-BE54-9A1E7A4F7556}") = "Assignment27Sep_BackgroudThreads", "Assignment27Sep_BackgroudThreads\Assignment27Sep_BackgroudThreads.csproj", "{7070EEF9-5CC4-478E-AD0D-A602215D3E3D}"
EndProject
Project("{9A19103F-16F7-4668-BE54-9A1E7A4F7556}") = "Assignment28Sep_Task", "Assignment28Sep\Assignment28Sep_Task.csproj", "{1D7666A3-AF49-4822-A9D9-BDF0E2F66F8C}"
EndProject
Project("{9A19103F-16F7-4668-BE54-9A1E7A4F7556}") = "Assignment29Sep", "Assignment29Sep\Assignment29Sep.csproj", "{096DB30D-19EB-45A0-AE13-118E2E24066C}"
EndProject
Project("{2150E333-8FDC-42A3-9474-1A3956D46DE8}") = "BenchMarking", "BenchMarking", "{1478AFB4-AB4F-4975-A0CF-D20E1C583B70}"
EndProject
Project("{9A19103F-16F7-4668-BE54-9A1E7A4F7556}") = "BenchMark", "BenchMark\BenchMark.csproj", "{1DAA6C82-AC78-43F3-8894-6A9ED9C2B560}"
EndProject
Project("{2150E333-8FDC-42A3-9474-1A3956D46DE8}") = "ADO.Net", "ADO.Net", "{BB96476D-69C3-4BF7-8507-562F194D3B00}"
EndProject
Project("{9A19103F-16F7-4668-BE54-9A1E7A4F7556}") = "SimpleDataAccess", "SimpleDataAccess\SimpleDataAccess.csproj", "{6B511C34-C4F2-46B5-B63B-887DDDF54CFA}"
EndProject
Project("{9A19103F-16F7-4668-BE54-9A1E7A4F7556}") = "StoreProcedure01", "StoreProcedure\StoreProcedure01.csproj", "{3E80C61D-0930-4AB6-A0EF-F597D1E00213}"
EndProject
Project("{9A19103F-16F7-4668-BE54-9A1E7A4F7556}") = "StoreProcedure02", "StoreProcedure02\StoreProcedure02.csproj", "{F5D9CFC3-02AD-4CA4-9933-4D2119B0758F}"
EndProject
Project("{9A19103F-16F7-4668-BE54-9A1E7A4F7556}") = "AdoNet_DisConnected", "AdoNet_DisConnected\AdoNet_DisConnected.csproj", "{25F8A221-7832-4633-8B20-92375755C31A}"
EndProject
Project("{9A19103F-16F7-4668-BE54-9A1E7A4F7556}") = "DapperExample", "DapperExample\DapperExample.csproj", "{81BC762B-B0F3-4509-9FA9-7DF5CA98726E}"
EndProject
Project("{2150E333-8FDC-42A3-9474-1A3956D46DE8}") = "EFCoreApps", "EFCoreApps", "{1BC2E562-4152-4A34-920B-C2F2177D4362}"
EndProject
Project("{9A19103F-16F7-4668-BE54-9A1E7A4F7556}") = "EF_Db_First", "EF_Db_First\EF_Db_First.csproj", "{27DB9A06-F49D-4988-89BD-8B2F3CE1134A}"
EndProject
Project("{9A19103F-16F7-4668-BE54-9A1E7A4F7556}") = "EF_Code_First", "EF_Code_First\EF_Code_First.csproj", "{75CF05C5-0407-479C-AD82-3B72F4DFC429}"
EndProject
Project("{2150E333-8FDC-42A3-9474-1A3956D46DE8}") = "Practice", "Practice", "{DB473A98-5A78-4BC2-9B78-B77DE5688D40}"
EndProject
Project("{9A19103F-16F7-4668-BE54-9A1E7A4F7556}") = "EF_Code_First_Copy", "EF_Code_First_Copy\EF_Code_First_Copy.csproj", "{BC43F030-7D09-44EF-BF61-4C9D188EBDEB}"
EndProject
Project("{9A19103F-16F7-4668-BE54-9A1E7A4F7556}") = "EF_Core_Second", "EF_Core_Second\EF_Core_Second.csproj", "{271E93C7-9F3E-4A2E-B068-CCD6EA17D2CE}"
EndProject
Project("{9A19103F-16F7-4668-BE54-9A1E7A4F7556}") = "SpotAss18_10_2022", "SpotAss18_10_2022\SpotAss18_10_2022.csproj", "{C8DB166C-93F3-4B20-9B9D-F72581FFB598}"
EndProject
Project("{9A19103F-16F7-4668-BE54-9A1E7A4F7556}") = "SpotAss19_10_2022_DBFirstApproch", "SpotAss19_10_2022\SpotAss19_10_2022_DBFirstApproch.csproj", "{24D81806-1E89-45AF-A9EA-BD28AFDD40F5}"
EndProject
Project("{2150E333-8FDC-42A3-9474-1A3956D46DE8}") = "API_Apps", "API_Apps", "{5EFEA73E-37AC-45F1-B167-44A620B04AA4}"
EndProject
Project("{9A19103F-16F7-4668-BE54-9A1E7A4F7556}") = "APIApps", "APIApps\APIApps.csproj", "{E9D9D5E4-BCB1-4B90-A46A-5276818AC198}"
EndProject
Project("{9A19103F-16F7-4668-BE54-9A1E7A4F7556}") = "APIConsumer", "APIConsumer\APIConsumer.csproj", "{B72D9DA3-96BE-47A1-88C8-9E85A58D27C4}"
EndProject
Project("{9A19103F-16F7-4668-BE54-9A1E7A4F7556}") = "APIAss04", "APIAss04\APIAss04.csproj", "{241005DF-9266-4DB5-B8E6-A8D300A8216F}"
EndProject
Project("{9A19103F-16F7-4668-BE54-9A1E7A4F7556}") = "APIConsumer2", "APIConsumer2\APIConsumer2.csproj", "{B01C3A91-E077-441D-AC08-3FE1315EF5A6}"
EndProject
Project("{2150E333-8FDC-42A3-9474-1A3956D46DE8}") = "MVCApps", "MVCApps", "{6151C94C-1066-4C4C-A0BB-37993F44D420}"
EndProject
Project("{9A19103F-16F7-4668-BE54-9A1E7A4F7556}") = "MVC_Apps", "MVC_Apps\MVC_Apps.csproj", "{05F431C2-4AAE-4AA3-BBCF-259D6C9E6EEA}"
EndProject
Project("{2150E333-8FDC-42A3-9474-1A3956D46DE8}") = "CRUD_Using_MVC", "CRUD_Using_MVC", "{C5448B30-0F43-4E90-8C7B-9C05EE94DC3B}"
EndProject
Project("{FAE04EC0-301F-11D3-BF4B-00C04F79EFBC}") = "CRUD_Operations_Without_Core", "CRUD_Operations_Without_Core\CRUD_Operations_Without_Core.csproj", "{C83AF52A-56B3-40D3-96AD-90C744A18510}"
EndProject
Project("{9A19103F-16F7-4668-BE54-9A1E7A4F7556}") = "Coditas.ECom.DataAccess1", "Coditas.ECom.DataAccess1\Coditas.ECom.DataAccess1.csproj", "{8C9D55EE-F9F5-40CD-BB65-B6A66066FE21}"
EndProject
Project("{9A19103F-16F7-4668-BE54-9A1E7A4F7556}") = "Coditas.ECom.Repositories", "Coditas.ECom.Repositories\Coditas.ECom.Repositories.csproj", "{B1B4EA88-9077-4893-8727-6245170B85D4}"
EndProject
Project("{9A19103F-16F7-4668-BE54-9A1E7A4F7556}") = "Coditas.ECom.Entities", "Coditas.ECom.Entities\Coditas.ECom.Entities.csproj", "{7B02E035-4860-43CE-A752-E91B80E26DE7}"
EndProject
Project("{2150E333-8FDC-42A3-9474-1A3956D46DE8}") = "Assignment", "Assignment", "{79C91AC1-F26C-4215-A453-7C5065D311CA}"
EndProject
Project("{2150E333-8FDC-42A3-9474-1A3956D46DE8}") = "LoginPage", "LoginPage", "{1047FA56-011E-4B84-B781-C5F428F02DF8}"
EndProject
Project("{FAE04EC0-301F-11D3-BF4B-00C04F79EFBC}") = "LoginApp", "LoginApp\LoginApp.csproj", "{E02B69C0-8A65-42CA-90EB-E931E8F682C3}"
EndProject
Project("{9A19103F-16F7-4668-BE54-9A1E7A4F7556}") = "MVCClient_OASApp", "MVCClient_OASApp\MVCClient_OASApp.csproj", "{7B048BCB-87C5-4BC7-86F0-D2399EA60FE8}"
EndProject
Project("{2150E333-8FDC-42A3-9474-1A3956D46DE8}") = "Consumer", "Consumer", "{1C204489-917B-4EF4-8920-89FA61EB9D61}"
EndProject
Project("{2150E333-8FDC-42A3-9474-1A3956D46DE8}") = "API", "API", "{BA574494-33B0-4B14-86D9-9D5517F8A514}"
EndProject
Project("{9A19103F-16F7-4668-BE54-9A1E7A4F7556}") = "MVC_Client", "MVC_Client\MVC_Client.csproj", "{77E88760-D4B8-4202-9B03-976C31C8C13A}"
EndProject
Project("{2150E333-8FDC-42A3-9474-1A3956D46DE8}") = "SearchApplication", "SearchApplication", "{4F178E9D-03B1-42FB-AA15-E5E6A1DCFF05}"
EndProject
Project("{9A19103F-16F7-4668-BE54-9A1E7A4F7556}") = "SearchApplication", "SearchApplication\SearchApplication.csproj", "{CD13A4EE-D109-4D4B-A732-930EAC24B3C5}"
EndProject
Project("{9A19103F-16F7-4668-BE54-9A1E7A4F7556}") = "LoginAndRegistration", "LoginAndRegistration\LoginAndRegistration.csproj", "{7EAA70BB-0F05-41D3-B4AF-87DF3C3FC837}"
EndProject
Project("{2150E333-8FDC-42A3-9474-1A3956D46DE8}") = "JsonResult", "JsonResult", "{1FC10FC9-5625-4A81-95F5-EAC81440911E}"
EndProject
Project("{FAE04EC0-301F-11D3-BF4B-00C04F79EFBC}") = "JsonDemo", "JsonDemo\JsonDemo.csproj", "{A58BC3FD-DE0F-411E-9AAA-D492946F010C}"
EndProject
Global
	GlobalSection(SolutionConfigurationPlatforms) = preSolution
		Debug|Any CPU = Debug|Any CPU
		Release|Any CPU = Release|Any CPU
	EndGlobalSection
	GlobalSection(ProjectConfigurationPlatforms) = postSolution
		{CFB9FB1F-3279-4DCE-ACC3-03B286F66405}.Debug|Any CPU.ActiveCfg = Debug|Any CPU
		{CFB9FB1F-3279-4DCE-ACC3-03B286F66405}.Debug|Any CPU.Build.0 = Debug|Any CPU
		{CFB9FB1F-3279-4DCE-ACC3-03B286F66405}.Release|Any CPU.ActiveCfg = Release|Any CPU
		{CFB9FB1F-3279-4DCE-ACC3-03B286F66405}.Release|Any CPU.Build.0 = Release|Any CPU
		{E5D20E9F-1465-4B14-97CE-5BB865DDF59F}.Debug|Any CPU.ActiveCfg = Debug|Any CPU
		{E5D20E9F-1465-4B14-97CE-5BB865DDF59F}.Debug|Any CPU.Build.0 = Debug|Any CPU
		{E5D20E9F-1465-4B14-97CE-5BB865DDF59F}.Release|Any CPU.ActiveCfg = Release|Any CPU
		{E5D20E9F-1465-4B14-97CE-5BB865DDF59F}.Release|Any CPU.Build.0 = Release|Any CPU
		{EE0D5D26-D490-4EDB-A8E4-F97C20BDDFB3}.Debug|Any CPU.ActiveCfg = Debug|Any CPU
		{EE0D5D26-D490-4EDB-A8E4-F97C20BDDFB3}.Debug|Any CPU.Build.0 = Debug|Any CPU
		{EE0D5D26-D490-4EDB-A8E4-F97C20BDDFB3}.Release|Any CPU.ActiveCfg = Release|Any CPU
		{EE0D5D26-D490-4EDB-A8E4-F97C20BDDFB3}.Release|Any CPU.Build.0 = Release|Any CPU
		{1EF2AF68-330D-421D-BE8D-E313C488EFA8}.Debug|Any CPU.ActiveCfg = Debug|Any CPU
		{1EF2AF68-330D-421D-BE8D-E313C488EFA8}.Debug|Any CPU.Build.0 = Debug|Any CPU
		{1EF2AF68-330D-421D-BE8D-E313C488EFA8}.Release|Any CPU.ActiveCfg = Release|Any CPU
		{1EF2AF68-330D-421D-BE8D-E313C488EFA8}.Release|Any CPU.Build.0 = Release|Any CPU
		{F5FA0132-48E7-4FF2-A2FE-D5C3D6D09669}.Debug|Any CPU.ActiveCfg = Debug|Any CPU
		{F5FA0132-48E7-4FF2-A2FE-D5C3D6D09669}.Debug|Any CPU.Build.0 = Debug|Any CPU
		{F5FA0132-48E7-4FF2-A2FE-D5C3D6D09669}.Release|Any CPU.ActiveCfg = Release|Any CPU
		{F5FA0132-48E7-4FF2-A2FE-D5C3D6D09669}.Release|Any CPU.Build.0 = Release|Any CPU
		{CA3587A9-DE49-4536-ACFC-BF627EE9F9FC}.Debug|Any CPU.ActiveCfg = Debug|Any CPU
		{CA3587A9-DE49-4536-ACFC-BF627EE9F9FC}.Debug|Any CPU.Build.0 = Debug|Any CPU
		{CA3587A9-DE49-4536-ACFC-BF627EE9F9FC}.Release|Any CPU.ActiveCfg = Release|Any CPU
		{CA3587A9-DE49-4536-ACFC-BF627EE9F9FC}.Release|Any CPU.Build.0 = Release|Any CPU
		{84676134-583E-4D62-922E-836345C6981E}.Debug|Any CPU.ActiveCfg = Debug|Any CPU
		{84676134-583E-4D62-922E-836345C6981E}.Debug|Any CPU.Build.0 = Debug|Any CPU
		{84676134-583E-4D62-922E-836345C6981E}.Release|Any CPU.ActiveCfg = Release|Any CPU
		{84676134-583E-4D62-922E-836345C6981E}.Release|Any CPU.Build.0 = Release|Any CPU
		{08EBED7F-8C06-450D-9E1E-026917DEEE14}.Debug|Any CPU.ActiveCfg = Debug|Any CPU
		{08EBED7F-8C06-450D-9E1E-026917DEEE14}.Debug|Any CPU.Build.0 = Debug|Any CPU
		{08EBED7F-8C06-450D-9E1E-026917DEEE14}.Release|Any CPU.ActiveCfg = Release|Any CPU
		{08EBED7F-8C06-450D-9E1E-026917DEEE14}.Release|Any CPU.Build.0 = Release|Any CPU
		{9529D16C-525F-4ACD-8B2A-9D091E386CEF}.Debug|Any CPU.ActiveCfg = Debug|Any CPU
		{9529D16C-525F-4ACD-8B2A-9D091E386CEF}.Debug|Any CPU.Build.0 = Debug|Any CPU
		{9529D16C-525F-4ACD-8B2A-9D091E386CEF}.Release|Any CPU.ActiveCfg = Release|Any CPU
		{9529D16C-525F-4ACD-8B2A-9D091E386CEF}.Release|Any CPU.Build.0 = Release|Any CPU
		{598D451E-71E6-444D-9352-7C8BFC4BBF28}.Debug|Any CPU.ActiveCfg = Debug|Any CPU
		{598D451E-71E6-444D-9352-7C8BFC4BBF28}.Debug|Any CPU.Build.0 = Debug|Any CPU
		{598D451E-71E6-444D-9352-7C8BFC4BBF28}.Release|Any CPU.ActiveCfg = Release|Any CPU
		{598D451E-71E6-444D-9352-7C8BFC4BBF28}.Release|Any CPU.Build.0 = Release|Any CPU
		{8A45BEA4-D00F-4EEB-9D21-D44578F41008}.Debug|Any CPU.ActiveCfg = Debug|Any CPU
		{8A45BEA4-D00F-4EEB-9D21-D44578F41008}.Debug|Any CPU.Build.0 = Debug|Any CPU
		{8A45BEA4-D00F-4EEB-9D21-D44578F41008}.Release|Any CPU.ActiveCfg = Release|Any CPU
		{8A45BEA4-D00F-4EEB-9D21-D44578F41008}.Release|Any CPU.Build.0 = Release|Any CPU
		{1777748D-E7B9-4E4A-AE95-C3ADDDD143AB}.Debug|Any CPU.ActiveCfg = Debug|Any CPU
		{1777748D-E7B9-4E4A-AE95-C3ADDDD143AB}.Debug|Any CPU.Build.0 = Debug|Any CPU
		{1777748D-E7B9-4E4A-AE95-C3ADDDD143AB}.Release|Any CPU.ActiveCfg = Release|Any CPU
		{1777748D-E7B9-4E4A-AE95-C3ADDDD143AB}.Release|Any CPU.Build.0 = Release|Any CPU
		{EAF90B43-9C80-4C10-A3AF-264DB8E5496A}.Debug|Any CPU.ActiveCfg = Debug|Any CPU
		{EAF90B43-9C80-4C10-A3AF-264DB8E5496A}.Debug|Any CPU.Build.0 = Debug|Any CPU
		{EAF90B43-9C80-4C10-A3AF-264DB8E5496A}.Release|Any CPU.ActiveCfg = Release|Any CPU
		{EAF90B43-9C80-4C10-A3AF-264DB8E5496A}.Release|Any CPU.Build.0 = Release|Any CPU
		{ECCD9DDB-836E-4F7E-8234-9102B63392C3}.Debug|Any CPU.ActiveCfg = Debug|Any CPU
		{ECCD9DDB-836E-4F7E-8234-9102B63392C3}.Debug|Any CPU.Build.0 = Debug|Any CPU
		{ECCD9DDB-836E-4F7E-8234-9102B63392C3}.Release|Any CPU.ActiveCfg = Release|Any CPU
		{ECCD9DDB-836E-4F7E-8234-9102B63392C3}.Release|Any CPU.Build.0 = Release|Any CPU
		{3536AB06-971F-42D9-8461-B88833D5E80C}.Debug|Any CPU.ActiveCfg = Debug|Any CPU
		{3536AB06-971F-42D9-8461-B88833D5E80C}.Debug|Any CPU.Build.0 = Debug|Any CPU
		{3536AB06-971F-42D9-8461-B88833D5E80C}.Release|Any CPU.ActiveCfg = Release|Any CPU
		{3536AB06-971F-42D9-8461-B88833D5E80C}.Release|Any CPU.Build.0 = Release|Any CPU
		{8A952875-39EF-48F6-898C-EA71A6A7CAA6}.Debug|Any CPU.ActiveCfg = Debug|Any CPU
		{8A952875-39EF-48F6-898C-EA71A6A7CAA6}.Debug|Any CPU.Build.0 = Debug|Any CPU
		{8A952875-39EF-48F6-898C-EA71A6A7CAA6}.Release|Any CPU.ActiveCfg = Release|Any CPU
		{8A952875-39EF-48F6-898C-EA71A6A7CAA6}.Release|Any CPU.Build.0 = Release|Any CPU
		{968F2AD1-8666-48CC-AD16-1741F84878DD}.Debug|Any CPU.ActiveCfg = Debug|Any CPU
		{968F2AD1-8666-48CC-AD16-1741F84878DD}.Debug|Any CPU.Build.0 = Debug|Any CPU
		{968F2AD1-8666-48CC-AD16-1741F84878DD}.Release|Any CPU.ActiveCfg = Release|Any CPU
		{968F2AD1-8666-48CC-AD16-1741F84878DD}.Release|Any CPU.Build.0 = Release|Any CPU
		{7F07DD9C-A736-44AC-9A40-FA477CB515D8}.Debug|Any CPU.ActiveCfg = Debug|Any CPU
		{7F07DD9C-A736-44AC-9A40-FA477CB515D8}.Debug|Any CPU.Build.0 = Debug|Any CPU
		{7F07DD9C-A736-44AC-9A40-FA477CB515D8}.Release|Any CPU.ActiveCfg = Release|Any CPU
		{7F07DD9C-A736-44AC-9A40-FA477CB515D8}.Release|Any CPU.Build.0 = Release|Any CPU
		{198DCCED-3178-4D4A-A1D9-C92051300D08}.Debug|Any CPU.ActiveCfg = Debug|Any CPU
		{198DCCED-3178-4D4A-A1D9-C92051300D08}.Debug|Any CPU.Build.0 = Debug|Any CPU
		{198DCCED-3178-4D4A-A1D9-C92051300D08}.Release|Any CPU.ActiveCfg = Release|Any CPU
		{198DCCED-3178-4D4A-A1D9-C92051300D08}.Release|Any CPU.Build.0 = Release|Any CPU
		{E02B8280-15A0-4587-A9B1-68DFF8FFC02B}.Debug|Any CPU.ActiveCfg = Debug|Any CPU
		{E02B8280-15A0-4587-A9B1-68DFF8FFC02B}.Debug|Any CPU.Build.0 = Debug|Any CPU
		{E02B8280-15A0-4587-A9B1-68DFF8FFC02B}.Release|Any CPU.ActiveCfg = Release|Any CPU
		{E02B8280-15A0-4587-A9B1-68DFF8FFC02B}.Release|Any CPU.Build.0 = Release|Any CPU
		{EB9BB7B1-2E9D-4892-8D73-488D59063AA2}.Debug|Any CPU.ActiveCfg = Debug|Any CPU
		{EB9BB7B1-2E9D-4892-8D73-488D59063AA2}.Debug|Any CPU.Build.0 = Debug|Any CPU
		{EB9BB7B1-2E9D-4892-8D73-488D59063AA2}.Release|Any CPU.ActiveCfg = Release|Any CPU
		{EB9BB7B1-2E9D-4892-8D73-488D59063AA2}.Release|Any CPU.Build.0 = Release|Any CPU
		{E1C95194-59C6-45CE-981E-EEF35CC3E658}.Debug|Any CPU.ActiveCfg = Debug|Any CPU
		{E1C95194-59C6-45CE-981E-EEF35CC3E658}.Debug|Any CPU.Build.0 = Debug|Any CPU
		{E1C95194-59C6-45CE-981E-EEF35CC3E658}.Release|Any CPU.ActiveCfg = Release|Any CPU
		{E1C95194-59C6-45CE-981E-EEF35CC3E658}.Release|Any CPU.Build.0 = Release|Any CPU
		{7D3FF9BF-F8DB-4AF6-9DFD-D98A9E544539}.Debug|Any CPU.ActiveCfg = Debug|Any CPU
		{7D3FF9BF-F8DB-4AF6-9DFD-D98A9E544539}.Debug|Any CPU.Build.0 = Debug|Any CPU
		{7D3FF9BF-F8DB-4AF6-9DFD-D98A9E544539}.Release|Any CPU.ActiveCfg = Release|Any CPU
		{7D3FF9BF-F8DB-4AF6-9DFD-D98A9E544539}.Release|Any CPU.Build.0 = Release|Any CPU
		{66A0F252-28B8-4B01-9040-74AC94185A2B}.Debug|Any CPU.ActiveCfg = Debug|Any CPU
		{66A0F252-28B8-4B01-9040-74AC94185A2B}.Debug|Any CPU.Build.0 = Debug|Any CPU
		{66A0F252-28B8-4B01-9040-74AC94185A2B}.Release|Any CPU.ActiveCfg = Release|Any CPU
		{66A0F252-28B8-4B01-9040-74AC94185A2B}.Release|Any CPU.Build.0 = Release|Any CPU
		{9848C624-1D8D-4242-9793-AEA838F1500A}.Debug|Any CPU.ActiveCfg = Debug|Any CPU
		{9848C624-1D8D-4242-9793-AEA838F1500A}.Debug|Any CPU.Build.0 = Debug|Any CPU
		{9848C624-1D8D-4242-9793-AEA838F1500A}.Release|Any CPU.ActiveCfg = Release|Any CPU
		{9848C624-1D8D-4242-9793-AEA838F1500A}.Release|Any CPU.Build.0 = Release|Any CPU
		{98B427FA-F28B-49D5-8473-01647F529630}.Debug|Any CPU.ActiveCfg = Debug|Any CPU
		{98B427FA-F28B-49D5-8473-01647F529630}.Debug|Any CPU.Build.0 = Debug|Any CPU
		{98B427FA-F28B-49D5-8473-01647F529630}.Release|Any CPU.ActiveCfg = Release|Any CPU
		{98B427FA-F28B-49D5-8473-01647F529630}.Release|Any CPU.Build.0 = Release|Any CPU
		{495C05CB-F5D5-4B86-9A16-E8701DB6B86B}.Debug|Any CPU.ActiveCfg = Debug|Any CPU
		{495C05CB-F5D5-4B86-9A16-E8701DB6B86B}.Debug|Any CPU.Build.0 = Debug|Any CPU
		{495C05CB-F5D5-4B86-9A16-E8701DB6B86B}.Release|Any CPU.ActiveCfg = Release|Any CPU
		{495C05CB-F5D5-4B86-9A16-E8701DB6B86B}.Release|Any CPU.Build.0 = Release|Any CPU
		{63CB389A-5FE3-4F5C-8C5D-61F7A506AADD}.Debug|Any CPU.ActiveCfg = Debug|Any CPU
		{63CB389A-5FE3-4F5C-8C5D-61F7A506AADD}.Debug|Any CPU.Build.0 = Debug|Any CPU
		{63CB389A-5FE3-4F5C-8C5D-61F7A506AADD}.Release|Any CPU.ActiveCfg = Release|Any CPU
		{63CB389A-5FE3-4F5C-8C5D-61F7A506AADD}.Release|Any CPU.Build.0 = Release|Any CPU
		{44178846-E0DF-466E-90B0-2647938A6FCB}.Debug|Any CPU.ActiveCfg = Debug|Any CPU
		{44178846-E0DF-466E-90B0-2647938A6FCB}.Debug|Any CPU.Build.0 = Debug|Any CPU
		{44178846-E0DF-466E-90B0-2647938A6FCB}.Release|Any CPU.ActiveCfg = Release|Any CPU
		{44178846-E0DF-466E-90B0-2647938A6FCB}.Release|Any CPU.Build.0 = Release|Any CPU
		{E4D2AB9C-48DC-406A-BDA7-ABEC9D0D18B1}.Debug|Any CPU.ActiveCfg = Debug|Any CPU
		{E4D2AB9C-48DC-406A-BDA7-ABEC9D0D18B1}.Debug|Any CPU.Build.0 = Debug|Any CPU
		{E4D2AB9C-48DC-406A-BDA7-ABEC9D0D18B1}.Release|Any CPU.ActiveCfg = Release|Any CPU
		{E4D2AB9C-48DC-406A-BDA7-ABEC9D0D18B1}.Release|Any CPU.Build.0 = Release|Any CPU
		{B9803E30-8E84-4D75-8431-24B1D0BE5076}.Debug|Any CPU.ActiveCfg = Debug|Any CPU
		{B9803E30-8E84-4D75-8431-24B1D0BE5076}.Debug|Any CPU.Build.0 = Debug|Any CPU
		{B9803E30-8E84-4D75-8431-24B1D0BE5076}.Release|Any CPU.ActiveCfg = Release|Any CPU
		{B9803E30-8E84-4D75-8431-24B1D0BE5076}.Release|Any CPU.Build.0 = Release|Any CPU
		{A74BE0A8-AD7B-478E-96DA-C9C486DC0596}.Debug|Any CPU.ActiveCfg = Debug|Any CPU
		{A74BE0A8-AD7B-478E-96DA-C9C486DC0596}.Debug|Any CPU.Build.0 = Debug|Any CPU
		{A74BE0A8-AD7B-478E-96DA-C9C486DC0596}.Release|Any CPU.ActiveCfg = Release|Any CPU
		{A74BE0A8-AD7B-478E-96DA-C9C486DC0596}.Release|Any CPU.Build.0 = Release|Any CPU
		{324D8BB1-79CA-421F-8AA8-931A25CDF97C}.Debug|Any CPU.ActiveCfg = Debug|Any CPU
		{324D8BB1-79CA-421F-8AA8-931A25CDF97C}.Debug|Any CPU.Build.0 = Debug|Any CPU
		{324D8BB1-79CA-421F-8AA8-931A25CDF97C}.Release|Any CPU.ActiveCfg = Release|Any CPU
		{324D8BB1-79CA-421F-8AA8-931A25CDF97C}.Release|Any CPU.Build.0 = Release|Any CPU
		{EA4B56C8-14BB-4DA5-8E87-90D0A729D7CB}.Debug|Any CPU.ActiveCfg = Debug|Any CPU
		{EA4B56C8-14BB-4DA5-8E87-90D0A729D7CB}.Debug|Any CPU.Build.0 = Debug|Any CPU
		{EA4B56C8-14BB-4DA5-8E87-90D0A729D7CB}.Release|Any CPU.ActiveCfg = Release|Any CPU
		{EA4B56C8-14BB-4DA5-8E87-90D0A729D7CB}.Release|Any CPU.Build.0 = Release|Any CPU
		{7070EEF9-5CC4-478E-AD0D-A602215D3E3D}.Debug|Any CPU.ActiveCfg = Debug|Any CPU
		{7070EEF9-5CC4-478E-AD0D-A602215D3E3D}.Debug|Any CPU.Build.0 = Debug|Any CPU
		{7070EEF9-5CC4-478E-AD0D-A602215D3E3D}.Release|Any CPU.ActiveCfg = Release|Any CPU
		{7070EEF9-5CC4-478E-AD0D-A602215D3E3D}.Release|Any CPU.Build.0 = Release|Any CPU
		{1D7666A3-AF49-4822-A9D9-BDF0E2F66F8C}.Debug|Any CPU.ActiveCfg = Debug|Any CPU
		{1D7666A3-AF49-4822-A9D9-BDF0E2F66F8C}.Debug|Any CPU.Build.0 = Debug|Any CPU
		{1D7666A3-AF49-4822-A9D9-BDF0E2F66F8C}.Release|Any CPU.ActiveCfg = Release|Any CPU
		{1D7666A3-AF49-4822-A9D9-BDF0E2F66F8C}.Release|Any CPU.Build.0 = Release|Any CPU
		{096DB30D-19EB-45A0-AE13-118E2E24066C}.Debug|Any CPU.ActiveCfg = Debug|Any CPU
		{096DB30D-19EB-45A0-AE13-118E2E24066C}.Debug|Any CPU.Build.0 = Debug|Any CPU
		{096DB30D-19EB-45A0-AE13-118E2E24066C}.Release|Any CPU.ActiveCfg = Release|Any CPU
		{096DB30D-19EB-45A0-AE13-118E2E24066C}.Release|Any CPU.Build.0 = Release|Any CPU
		{1DAA6C82-AC78-43F3-8894-6A9ED9C2B560}.Debug|Any CPU.ActiveCfg = Debug|Any CPU
		{1DAA6C82-AC78-43F3-8894-6A9ED9C2B560}.Debug|Any CPU.Build.0 = Debug|Any CPU
		{1DAA6C82-AC78-43F3-8894-6A9ED9C2B560}.Release|Any CPU.ActiveCfg = Release|Any CPU
		{1DAA6C82-AC78-43F3-8894-6A9ED9C2B560}.Release|Any CPU.Build.0 = Release|Any CPU
		{6B511C34-C4F2-46B5-B63B-887DDDF54CFA}.Debug|Any CPU.ActiveCfg = Debug|Any CPU
		{6B511C34-C4F2-46B5-B63B-887DDDF54CFA}.Debug|Any CPU.Build.0 = Debug|Any CPU
		{6B511C34-C4F2-46B5-B63B-887DDDF54CFA}.Release|Any CPU.ActiveCfg = Release|Any CPU
		{6B511C34-C4F2-46B5-B63B-887DDDF54CFA}.Release|Any CPU.Build.0 = Release|Any CPU
		{3E80C61D-0930-4AB6-A0EF-F597D1E00213}.Debug|Any CPU.ActiveCfg = Debug|Any CPU
		{3E80C61D-0930-4AB6-A0EF-F597D1E00213}.Debug|Any CPU.Build.0 = Debug|Any CPU
		{3E80C61D-0930-4AB6-A0EF-F597D1E00213}.Release|Any CPU.ActiveCfg = Release|Any CPU
		{3E80C61D-0930-4AB6-A0EF-F597D1E00213}.Release|Any CPU.Build.0 = Release|Any CPU
		{F5D9CFC3-02AD-4CA4-9933-4D2119B0758F}.Debug|Any CPU.ActiveCfg = Debug|Any CPU
		{F5D9CFC3-02AD-4CA4-9933-4D2119B0758F}.Debug|Any CPU.Build.0 = Debug|Any CPU
		{F5D9CFC3-02AD-4CA4-9933-4D2119B0758F}.Release|Any CPU.ActiveCfg = Release|Any CPU
		{F5D9CFC3-02AD-4CA4-9933-4D2119B0758F}.Release|Any CPU.Build.0 = Release|Any CPU
		{25F8A221-7832-4633-8B20-92375755C31A}.Debug|Any CPU.ActiveCfg = Debug|Any CPU
		{25F8A221-7832-4633-8B20-92375755C31A}.Debug|Any CPU.Build.0 = Debug|Any CPU
		{25F8A221-7832-4633-8B20-92375755C31A}.Release|Any CPU.ActiveCfg = Release|Any CPU
		{25F8A221-7832-4633-8B20-92375755C31A}.Release|Any CPU.Build.0 = Release|Any CPU
		{81BC762B-B0F3-4509-9FA9-7DF5CA98726E}.Debug|Any CPU.ActiveCfg = Debug|Any CPU
		{81BC762B-B0F3-4509-9FA9-7DF5CA98726E}.Debug|Any CPU.Build.0 = Debug|Any CPU
		{81BC762B-B0F3-4509-9FA9-7DF5CA98726E}.Release|Any CPU.ActiveCfg = Release|Any CPU
		{81BC762B-B0F3-4509-9FA9-7DF5CA98726E}.Release|Any CPU.Build.0 = Release|Any CPU
		{27DB9A06-F49D-4988-89BD-8B2F3CE1134A}.Debug|Any CPU.ActiveCfg = Debug|Any CPU
		{27DB9A06-F49D-4988-89BD-8B2F3CE1134A}.Debug|Any CPU.Build.0 = Debug|Any CPU
		{27DB9A06-F49D-4988-89BD-8B2F3CE1134A}.Release|Any CPU.ActiveCfg = Release|Any CPU
		{27DB9A06-F49D-4988-89BD-8B2F3CE1134A}.Release|Any CPU.Build.0 = Release|Any CPU
		{75CF05C5-0407-479C-AD82-3B72F4DFC429}.Debug|Any CPU.ActiveCfg = Debug|Any CPU
		{75CF05C5-0407-479C-AD82-3B72F4DFC429}.Debug|Any CPU.Build.0 = Debug|Any CPU
		{75CF05C5-0407-479C-AD82-3B72F4DFC429}.Release|Any CPU.ActiveCfg = Release|Any CPU
		{75CF05C5-0407-479C-AD82-3B72F4DFC429}.Release|Any CPU.Build.0 = Release|Any CPU
		{BC43F030-7D09-44EF-BF61-4C9D188EBDEB}.Debug|Any CPU.ActiveCfg = Debug|Any CPU
		{BC43F030-7D09-44EF-BF61-4C9D188EBDEB}.Debug|Any CPU.Build.0 = Debug|Any CPU
		{BC43F030-7D09-44EF-BF61-4C9D188EBDEB}.Release|Any CPU.ActiveCfg = Release|Any CPU
		{BC43F030-7D09-44EF-BF61-4C9D188EBDEB}.Release|Any CPU.Build.0 = Release|Any CPU
		{271E93C7-9F3E-4A2E-B068-CCD6EA17D2CE}.Debug|Any CPU.ActiveCfg = Debug|Any CPU
		{271E93C7-9F3E-4A2E-B068-CCD6EA17D2CE}.Debug|Any CPU.Build.0 = Debug|Any CPU
		{271E93C7-9F3E-4A2E-B068-CCD6EA17D2CE}.Release|Any CPU.ActiveCfg = Release|Any CPU
		{271E93C7-9F3E-4A2E-B068-CCD6EA17D2CE}.Release|Any CPU.Build.0 = Release|Any CPU
		{C8DB166C-93F3-4B20-9B9D-F72581FFB598}.Debug|Any CPU.ActiveCfg = Debug|Any CPU
		{C8DB166C-93F3-4B20-9B9D-F72581FFB598}.Debug|Any CPU.Build.0 = Debug|Any CPU
		{C8DB166C-93F3-4B20-9B9D-F72581FFB598}.Release|Any CPU.ActiveCfg = Release|Any CPU
		{C8DB166C-93F3-4B20-9B9D-F72581FFB598}.Release|Any CPU.Build.0 = Release|Any CPU
		{24D81806-1E89-45AF-A9EA-BD28AFDD40F5}.Debug|Any CPU.ActiveCfg = Debug|Any CPU
		{24D81806-1E89-45AF-A9EA-BD28AFDD40F5}.Debug|Any CPU.Build.0 = Debug|Any CPU
		{24D81806-1E89-45AF-A9EA-BD28AFDD40F5}.Release|Any CPU.ActiveCfg = Release|Any CPU
		{24D81806-1E89-45AF-A9EA-BD28AFDD40F5}.Release|Any CPU.Build.0 = Release|Any CPU
		{E9D9D5E4-BCB1-4B90-A46A-5276818AC198}.Debug|Any CPU.ActiveCfg = Debug|Any CPU
		{E9D9D5E4-BCB1-4B90-A46A-5276818AC198}.Debug|Any CPU.Build.0 = Debug|Any CPU
		{E9D9D5E4-BCB1-4B90-A46A-5276818AC198}.Release|Any CPU.ActiveCfg = Release|Any CPU
		{E9D9D5E4-BCB1-4B90-A46A-5276818AC198}.Release|Any CPU.Build.0 = Release|Any CPU
		{B72D9DA3-96BE-47A1-88C8-9E85A58D27C4}.Debug|Any CPU.ActiveCfg = Debug|Any CPU
		{B72D9DA3-96BE-47A1-88C8-9E85A58D27C4}.Debug|Any CPU.Build.0 = Debug|Any CPU
		{B72D9DA3-96BE-47A1-88C8-9E85A58D27C4}.Release|Any CPU.ActiveCfg = Release|Any CPU
		{B72D9DA3-96BE-47A1-88C8-9E85A58D27C4}.Release|Any CPU.Build.0 = Release|Any CPU
		{241005DF-9266-4DB5-B8E6-A8D300A8216F}.Debug|Any CPU.ActiveCfg = Debug|Any CPU
		{241005DF-9266-4DB5-B8E6-A8D300A8216F}.Debug|Any CPU.Build.0 = Debug|Any CPU
		{241005DF-9266-4DB5-B8E6-A8D300A8216F}.Release|Any CPU.ActiveCfg = Release|Any CPU
		{241005DF-9266-4DB5-B8E6-A8D300A8216F}.Release|Any CPU.Build.0 = Release|Any CPU
		{B01C3A91-E077-441D-AC08-3FE1315EF5A6}.Debug|Any CPU.ActiveCfg = Debug|Any CPU
		{B01C3A91-E077-441D-AC08-3FE1315EF5A6}.Debug|Any CPU.Build.0 = Debug|Any CPU
		{B01C3A91-E077-441D-AC08-3FE1315EF5A6}.Release|Any CPU.ActiveCfg = Release|Any CPU
		{B01C3A91-E077-441D-AC08-3FE1315EF5A6}.Release|Any CPU.Build.0 = Release|Any CPU
		{05F431C2-4AAE-4AA3-BBCF-259D6C9E6EEA}.Debug|Any CPU.ActiveCfg = Debug|Any CPU
		{05F431C2-4AAE-4AA3-BBCF-259D6C9E6EEA}.Debug|Any CPU.Build.0 = Debug|Any CPU
		{05F431C2-4AAE-4AA3-BBCF-259D6C9E6EEA}.Release|Any CPU.ActiveCfg = Release|Any CPU
		{05F431C2-4AAE-4AA3-BBCF-259D6C9E6EEA}.Release|Any CPU.Build.0 = Release|Any CPU
		{C83AF52A-56B3-40D3-96AD-90C744A18510}.Debug|Any CPU.ActiveCfg = Debug|Any CPU
		{C83AF52A-56B3-40D3-96AD-90C744A18510}.Debug|Any CPU.Build.0 = Debug|Any CPU
		{C83AF52A-56B3-40D3-96AD-90C744A18510}.Release|Any CPU.ActiveCfg = Release|Any CPU
		{C83AF52A-56B3-40D3-96AD-90C744A18510}.Release|Any CPU.Build.0 = Release|Any CPU
		{8C9D55EE-F9F5-40CD-BB65-B6A66066FE21}.Debug|Any CPU.ActiveCfg = Debug|Any CPU
		{8C9D55EE-F9F5-40CD-BB65-B6A66066FE21}.Debug|Any CPU.Build.0 = Debug|Any CPU
		{8C9D55EE-F9F5-40CD-BB65-B6A66066FE21}.Release|Any CPU.ActiveCfg = Release|Any CPU
		{8C9D55EE-F9F5-40CD-BB65-B6A66066FE21}.Release|Any CPU.Build.0 = Release|Any CPU
		{B1B4EA88-9077-4893-8727-6245170B85D4}.Debug|Any CPU.ActiveCfg = Debug|Any CPU
		{B1B4EA88-9077-4893-8727-6245170B85D4}.Debug|Any CPU.Build.0 = Debug|Any CPU
		{B1B4EA88-9077-4893-8727-6245170B85D4}.Release|Any CPU.ActiveCfg = Release|Any CPU
		{B1B4EA88-9077-4893-8727-6245170B85D4}.Release|Any CPU.Build.0 = Release|Any CPU
		{7B02E035-4860-43CE-A752-E91B80E26DE7}.Debug|Any CPU.ActiveCfg = Debug|Any CPU
		{7B02E035-4860-43CE-A752-E91B80E26DE7}.Debug|Any CPU.Build.0 = Debug|Any CPU
		{7B02E035-4860-43CE-A752-E91B80E26DE7}.Release|Any CPU.ActiveCfg = Release|Any CPU
		{7B02E035-4860-43CE-A752-E91B80E26DE7}.Release|Any CPU.Build.0 = Release|Any CPU
		{E02B69C0-8A65-42CA-90EB-E931E8F682C3}.Debug|Any CPU.ActiveCfg = Debug|Any CPU
		{E02B69C0-8A65-42CA-90EB-E931E8F682C3}.Debug|Any CPU.Build.0 = Debug|Any CPU
		{E02B69C0-8A65-42CA-90EB-E931E8F682C3}.Release|Any CPU.ActiveCfg = Release|Any CPU
		{E02B69C0-8A65-42CA-90EB-E931E8F682C3}.Release|Any CPU.Build.0 = Release|Any CPU
		{7B048BCB-87C5-4BC7-86F0-D2399EA60FE8}.Debug|Any CPU.ActiveCfg = Debug|Any CPU
		{7B048BCB-87C5-4BC7-86F0-D2399EA60FE8}.Debug|Any CPU.Build.0 = Debug|Any CPU
		{7B048BCB-87C5-4BC7-86F0-D2399EA60FE8}.Release|Any CPU.ActiveCfg = Release|Any CPU
		{7B048BCB-87C5-4BC7-86F0-D2399EA60FE8}.Release|Any CPU.Build.0 = Release|Any CPU
		{77E88760-D4B8-4202-9B03-976C31C8C13A}.Debug|Any CPU.ActiveCfg = Debug|Any CPU
		{77E88760-D4B8-4202-9B03-976C31C8C13A}.Debug|Any CPU.Build.0 = Debug|Any CPU
		{77E88760-D4B8-4202-9B03-976C31C8C13A}.Release|Any CPU.ActiveCfg = Release|Any CPU
		{77E88760-D4B8-4202-9B03-976C31C8C13A}.Release|Any CPU.Build.0 = Release|Any CPU
		{CD13A4EE-D109-4D4B-A732-930EAC24B3C5}.Debug|Any CPU.ActiveCfg = Debug|Any CPU
		{CD13A4EE-D109-4D4B-A732-930EAC24B3C5}.Debug|Any CPU.Build.0 = Debug|Any CPU
		{CD13A4EE-D109-4D4B-A732-930EAC24B3C5}.Release|Any CPU.ActiveCfg = Release|Any CPU
		{CD13A4EE-D109-4D4B-A732-930EAC24B3C5}.Release|Any CPU.Build.0 = Release|Any CPU
		{7EAA70BB-0F05-41D3-B4AF-87DF3C3FC837}.Debug|Any CPU.ActiveCfg = Debug|Any CPU
		{7EAA70BB-0F05-41D3-B4AF-87DF3C3FC837}.Debug|Any CPU.Build.0 = Debug|Any CPU
		{7EAA70BB-0F05-41D3-B4AF-87DF3C3FC837}.Release|Any CPU.ActiveCfg = Release|Any CPU
		{7EAA70BB-0F05-41D3-B4AF-87DF3C3FC837}.Release|Any CPU.Build.0 = Release|Any CPU
		{A58BC3FD-DE0F-411E-9AAA-D492946F010C}.Debug|Any CPU.ActiveCfg = Debug|Any CPU
		{A58BC3FD-DE0F-411E-9AAA-D492946F010C}.Debug|Any CPU.Build.0 = Debug|Any CPU
		{A58BC3FD-DE0F-411E-9AAA-D492946F010C}.Release|Any CPU.ActiveCfg = Release|Any CPU
		{A58BC3FD-DE0F-411E-9AAA-D492946F010C}.Release|Any CPU.Build.0 = Release|Any CPU
	EndGlobalSection
	GlobalSection(SolutionProperties) = preSolution
		HideSolutionNode = FALSE
	EndGlobalSection
	GlobalSection(NestedProjects) = preSolution
		{CFB9FB1F-3279-4DCE-ACC3-03B286F66405} = {79C91AC1-F26C-4215-A453-7C5065D311CA}
		{E5D20E9F-1465-4B14-97CE-5BB865DDF59F} = {79C91AC1-F26C-4215-A453-7C5065D311CA}
		{EE0D5D26-D490-4EDB-A8E4-F97C20BDDFB3} = {79C91AC1-F26C-4215-A453-7C5065D311CA}
		{1EF2AF68-330D-421D-BE8D-E313C488EFA8} = {79C91AC1-F26C-4215-A453-7C5065D311CA}
		{F5FA0132-48E7-4FF2-A2FE-D5C3D6D09669} = {79C91AC1-F26C-4215-A453-7C5065D311CA}
		{CA3587A9-DE49-4536-ACFC-BF627EE9F9FC} = {79C91AC1-F26C-4215-A453-7C5065D311CA}
		{84676134-583E-4D62-922E-836345C6981E} = {79C91AC1-F26C-4215-A453-7C5065D311CA}
		{08EBED7F-8C06-450D-9E1E-026917DEEE14} = {79C91AC1-F26C-4215-A453-7C5065D311CA}
		{9529D16C-525F-4ACD-8B2A-9D091E386CEF} = {79C91AC1-F26C-4215-A453-7C5065D311CA}
		{598D451E-71E6-444D-9352-7C8BFC4BBF28} = {79C91AC1-F26C-4215-A453-7C5065D311CA}
		{8A45BEA4-D00F-4EEB-9D21-D44578F41008} = {79C91AC1-F26C-4215-A453-7C5065D311CA}
		{1777748D-E7B9-4E4A-AE95-C3ADDDD143AB} = {79C91AC1-F26C-4215-A453-7C5065D311CA}
		{EAF90B43-9C80-4C10-A3AF-264DB8E5496A} = {79C91AC1-F26C-4215-A453-7C5065D311CA}
		{ECCD9DDB-836E-4F7E-8234-9102B63392C3} = {79C91AC1-F26C-4215-A453-7C5065D311CA}
		{3536AB06-971F-42D9-8461-B88833D5E80C} = {79C91AC1-F26C-4215-A453-7C5065D311CA}
		{8A952875-39EF-48F6-898C-EA71A6A7CAA6} = {79C91AC1-F26C-4215-A453-7C5065D311CA}
		{968F2AD1-8666-48CC-AD16-1741F84878DD} = {79C91AC1-F26C-4215-A453-7C5065D311CA}
		{7F07DD9C-A736-44AC-9A40-FA477CB515D8} = {79C91AC1-F26C-4215-A453-7C5065D311CA}
		{198DCCED-3178-4D4A-A1D9-C92051300D08} = {79C91AC1-F26C-4215-A453-7C5065D311CA}
		{E02B8280-15A0-4587-A9B1-68DFF8FFC02B} = {79C91AC1-F26C-4215-A453-7C5065D311CA}
		{EB9BB7B1-2E9D-4892-8D73-488D59063AA2} = {79C91AC1-F26C-4215-A453-7C5065D311CA}
		{E1C95194-59C6-45CE-981E-EEF35CC3E658} = {79C91AC1-F26C-4215-A453-7C5065D311CA}
		{7D3FF9BF-F8DB-4AF6-9DFD-D98A9E544539} = {79C91AC1-F26C-4215-A453-7C5065D311CA}
		{66A0F252-28B8-4B01-9040-74AC94185A2B} = {79C91AC1-F26C-4215-A453-7C5065D311CA}
		{9848C624-1D8D-4242-9793-AEA838F1500A} = {79C91AC1-F26C-4215-A453-7C5065D311CA}
		{98B427FA-F28B-49D5-8473-01647F529630} = {79C91AC1-F26C-4215-A453-7C5065D311CA}
		{495C05CB-F5D5-4B86-9A16-E8701DB6B86B} = {79C91AC1-F26C-4215-A453-7C5065D311CA}
		{63CB389A-5FE3-4F5C-8C5D-61F7A506AADD} = {79C91AC1-F26C-4215-A453-7C5065D311CA}
		{44178846-E0DF-466E-90B0-2647938A6FCB} = {79C91AC1-F26C-4215-A453-7C5065D311CA}
		{E4D2AB9C-48DC-406A-BDA7-ABEC9D0D18B1} = {7E210AF6-4102-4964-B561-7FD6BD601FA1}
		{B9803E30-8E84-4D75-8431-24B1D0BE5076} = {7E210AF6-4102-4964-B561-7FD6BD601FA1}
		{A74BE0A8-AD7B-478E-96DA-C9C486DC0596} = {7E210AF6-4102-4964-B561-7FD6BD601FA1}
		{324D8BB1-79CA-421F-8AA8-931A25CDF97C} = {7E210AF6-4102-4964-B561-7FD6BD601FA1}
		{EA4B56C8-14BB-4DA5-8E87-90D0A729D7CB} = {7E210AF6-4102-4964-B561-7FD6BD601FA1}
		{7070EEF9-5CC4-478E-AD0D-A602215D3E3D} = {7E210AF6-4102-4964-B561-7FD6BD601FA1}
		{1D7666A3-AF49-4822-A9D9-BDF0E2F66F8C} = {7E210AF6-4102-4964-B561-7FD6BD601FA1}
		{096DB30D-19EB-45A0-AE13-118E2E24066C} = {7E210AF6-4102-4964-B561-7FD6BD601FA1}
		{1DAA6C82-AC78-43F3-8894-6A9ED9C2B560} = {1478AFB4-AB4F-4975-A0CF-D20E1C583B70}
		{6B511C34-C4F2-46B5-B63B-887DDDF54CFA} = {BB96476D-69C3-4BF7-8507-562F194D3B00}
		{3E80C61D-0930-4AB6-A0EF-F597D1E00213} = {BB96476D-69C3-4BF7-8507-562F194D3B00}
		{F5D9CFC3-02AD-4CA4-9933-4D2119B0758F} = {BB96476D-69C3-4BF7-8507-562F194D3B00}
		{25F8A221-7832-4633-8B20-92375755C31A} = {BB96476D-69C3-4BF7-8507-562F194D3B00}
		{81BC762B-B0F3-4509-9FA9-7DF5CA98726E} = {BB96476D-69C3-4BF7-8507-562F194D3B00}
		{27DB9A06-F49D-4988-89BD-8B2F3CE1134A} = {1BC2E562-4152-4A34-920B-C2F2177D4362}
		{75CF05C5-0407-479C-AD82-3B72F4DFC429} = {1BC2E562-4152-4A34-920B-C2F2177D4362}
		{BC43F030-7D09-44EF-BF61-4C9D188EBDEB} = {DB473A98-5A78-4BC2-9B78-B77DE5688D40}
		{271E93C7-9F3E-4A2E-B068-CCD6EA17D2CE} = {1BC2E562-4152-4A34-920B-C2F2177D4362}
		{C8DB166C-93F3-4B20-9B9D-F72581FFB598} = {1BC2E562-4152-4A34-920B-C2F2177D4362}
		{24D81806-1E89-45AF-A9EA-BD28AFDD40F5} = {1BC2E562-4152-4A34-920B-C2F2177D4362}
		{E9D9D5E4-BCB1-4B90-A46A-5276818AC198} = {BA574494-33B0-4B14-86D9-9D5517F8A514}
		{B72D9DA3-96BE-47A1-88C8-9E85A58D27C4} = {1C204489-917B-4EF4-8920-89FA61EB9D61}
		{241005DF-9266-4DB5-B8E6-A8D300A8216F} = {BA574494-33B0-4B14-86D9-9D5517F8A514}
		{B01C3A91-E077-441D-AC08-3FE1315EF5A6} = {1C204489-917B-4EF4-8920-89FA61EB9D61}
		{05F431C2-4AAE-4AA3-BBCF-259D6C9E6EEA} = {6151C94C-1066-4C4C-A0BB-37993F44D420}
		{C83AF52A-56B3-40D3-96AD-90C744A18510} = {C5448B30-0F43-4E90-8C7B-9C05EE94DC3B}
		{8C9D55EE-F9F5-40CD-BB65-B6A66066FE21} = {6151C94C-1066-4C4C-A0BB-37993F44D420}
		{B1B4EA88-9077-4893-8727-6245170B85D4} = {6151C94C-1066-4C4C-A0BB-37993F44D420}
		{7B02E035-4860-43CE-A752-E91B80E26DE7} = {6151C94C-1066-4C4C-A0BB-37993F44D420}
		{E02B69C0-8A65-42CA-90EB-E931E8F682C3} = {1047FA56-011E-4B84-B781-C5F428F02DF8}
		{7B048BCB-87C5-4BC7-86F0-D2399EA60FE8} = {1C204489-917B-4EF4-8920-89FA61EB9D61}
		{1C204489-917B-4EF4-8920-89FA61EB9D61} = {5EFEA73E-37AC-45F1-B167-44A620B04AA4}
		{BA574494-33B0-4B14-86D9-9D5517F8A514} = {5EFEA73E-37AC-45F1-B167-44A620B04AA4}
		{77E88760-D4B8-4202-9B03-976C31C8C13A} = {1C204489-917B-4EF4-8920-89FA61EB9D61}
		{CD13A4EE-D109-4D4B-A732-930EAC24B3C5} = {4F178E9D-03B1-42FB-AA15-E5E6A1DCFF05}
		{7EAA70BB-0F05-41D3-B4AF-87DF3C3FC837} = {1047FA56-011E-4B84-B781-C5F428F02DF8}
		{A58BC3FD-DE0F-411E-9AAA-D492946F010C} = {1FC10FC9-5625-4A81-95F5-EAC81440911E}
	EndGlobalSection
	GlobalSection(ExtensibilityGlobals) = postSolution
		SolutionGuid = {72FE6FD3-5E6C-4248-814E-60039138D126}
	EndGlobalSection
EndGlobal
